// !$*UTF8*$!
{
	archiveVersion = 1;
	classes = {
	};
	objectVersion = 77;
	objects = {

/* Begin PBXBuildFile section */
		2B4264AB2D8300AD00D645F6 /* TrendyReposGithubService in Frameworks */ = {isa = PBXBuildFile; productRef = 2B4264AA2D8300AD00D645F6 /* TrendyReposGithubService */; };
		2B4264AE2D8300B700D645F6 /* TrendyReposShared in Frameworks */ = {isa = PBXBuildFile; productRef = 2B4264AD2D8300B700D645F6 /* TrendyReposShared */; };
		2B4264B12D8300C300D645F6 /* TrendyReposViews in Frameworks */ = {isa = PBXBuildFile; productRef = 2B4264B02D8300C300D645F6 /* TrendyReposViews */; };
		2B4264B32D8300CC00D645F6 /* TrendyReposViews in Frameworks */ = {isa = PBXBuildFile; productRef = 2B4264B22D8300CC00D645F6 /* TrendyReposViews */; };
		2B4264B52D8300D000D645F6 /* TrendyReposShared in Frameworks */ = {isa = PBXBuildFile; productRef = 2B4264B42D8300D000D645F6 /* TrendyReposShared */; };
		2B4264C92D8301F800D645F6 /* Assets.xcassets in Resources */ = {isa = PBXBuildFile; fileRef = 2B4264BD2D8301F800D645F6 /* Assets.xcassets */; };
		2B4264CC2D8301F800D645F6 /* RepositoryDetailsViewModel.swift in Sources */ = {isa = PBXBuildFile; fileRef = 2B4264B62D8301F800D645F6 /* RepositoryDetailsViewModel.swift */; };
		2B4264CD2D8301F800D645F6 /* TrendingRepositoriesViewModel.swift in Sources */ = {isa = PBXBuildFile; fileRef = 2B4264B72D8301F800D645F6 /* TrendingRepositoriesViewModel.swift */; };
		2B4264CF2D8301F800D645F6 /* TrendyReposApp.swift in Sources */ = {isa = PBXBuildFile; fileRef = 2B4264BF2D8301F800D645F6 /* TrendyReposApp.swift */; };
		2B4264D22D8302B100D645F6 /* Preview Assets.xcassets in Resources */ = {isa = PBXBuildFile; fileRef = 2B4264D02D8302B100D645F6 /* Preview Assets.xcassets */; };
		2B4264D32D8302D100D645F6 /* TrendyReposTests.swift in Sources */ = {isa = PBXBuildFile; fileRef = 2B4264C12D8301F800D645F6 /* TrendyReposTests.swift */; };
		2B4264D42D8302D900D645F6 /* TrendyReposUITestsLaunchTests.swift in Sources */ = {isa = PBXBuildFile; fileRef = 2B4264C42D8301F800D645F6 /* TrendyReposUITestsLaunchTests.swift */; };
		2B4264D52D8302D900D645F6 /* TrendyReposUITests.swift in Sources */ = {isa = PBXBuildFile; fileRef = 2B4264C32D8301F800D645F6 /* TrendyReposUITests.swift */; };
/* End PBXBuildFile section */

/* Begin PBXContainerItemProxy section */
		69BD6ECC2D8085DB002BDBF0 /* PBXContainerItemProxy */ = {
			isa = PBXContainerItemProxy;
			containerPortal = 69BD6EB22D8085DA002BDBF0 /* Project object */;
			proxyType = 1;
			remoteGlobalIDString = 69BD6EB92D8085DA002BDBF0;
			remoteInfo = SplunkTest;
		};
		69BD6ED62D8085DB002BDBF0 /* PBXContainerItemProxy */ = {
			isa = PBXContainerItemProxy;
			containerPortal = 69BD6EB22D8085DA002BDBF0 /* Project object */;
			proxyType = 1;
			remoteGlobalIDString = 69BD6EB92D8085DA002BDBF0;
			remoteInfo = SplunkTest;
		};
/* End PBXContainerItemProxy section */

/* Begin PBXFileReference section */
		2B4264B62D8301F800D645F6 /* RepositoryDetailsViewModel.swift */ = {isa = PBXFileReference; lastKnownFileType = sourcecode.swift; path = RepositoryDetailsViewModel.swift; sourceTree = "<group>"; };
		2B4264B72D8301F800D645F6 /* TrendingRepositoriesViewModel.swift */ = {isa = PBXFileReference; lastKnownFileType = sourcecode.swift; path = TrendingRepositoriesViewModel.swift; sourceTree = "<group>"; };
		2B4264BD2D8301F800D645F6 /* Assets.xcassets */ = {isa = PBXFileReference; lastKnownFileType = folder.assetcatalog; path = Assets.xcassets; sourceTree = "<group>"; };
		2B4264BE2D8301F800D645F6 /* TrendyRepos.entitlements */ = {isa = PBXFileReference; lastKnownFileType = text.plist.entitlements; path = TrendyRepos.entitlements; sourceTree = "<group>"; };
		2B4264BF2D8301F800D645F6 /* TrendyReposApp.swift */ = {isa = PBXFileReference; lastKnownFileType = sourcecode.swift; path = TrendyReposApp.swift; sourceTree = "<group>"; };
		2B4264C12D8301F800D645F6 /* TrendyReposTests.swift */ = {isa = PBXFileReference; lastKnownFileType = sourcecode.swift; path = TrendyReposTests.swift; sourceTree = "<group>"; };
		2B4264C32D8301F800D645F6 /* TrendyReposUITests.swift */ = {isa = PBXFileReference; lastKnownFileType = sourcecode.swift; path = TrendyReposUITests.swift; sourceTree = "<group>"; };
		2B4264C42D8301F800D645F6 /* TrendyReposUITestsLaunchTests.swift */ = {isa = PBXFileReference; lastKnownFileType = sourcecode.swift; path = TrendyReposUITestsLaunchTests.swift; sourceTree = "<group>"; };
		2B4264C62D8301F800D645F6 /* TrendyReposTestViews.h */ = {isa = PBXFileReference; lastKnownFileType = sourcecode.c.h; path = TrendyReposTestViews.h; sourceTree = "<group>"; };
		2B4264D02D8302B100D645F6 /* Preview Assets.xcassets */ = {isa = PBXFileReference; lastKnownFileType = folder.assetcatalog; path = "Preview Assets.xcassets"; sourceTree = "<group>"; };
		697C7CB82D8090F2000A04E1 /* TrendyRepos_Views.framework */ = {isa = PBXFileReference; explicitFileType = wrapper.framework; includeInIndex = 0; path = TrendyRepos_Views.framework; sourceTree = BUILT_PRODUCTS_DIR; };
		69BD6EBA2D8085DA002BDBF0 /* TrendyRepos.app */ = {isa = PBXFileReference; explicitFileType = wrapper.application; includeInIndex = 0; path = TrendyRepos.app; sourceTree = BUILT_PRODUCTS_DIR; };
		69BD6ECB2D8085DB002BDBF0 /* TrendyRepos Tests.xctest */ = {isa = PBXFileReference; explicitFileType = wrapper.cfbundle; includeInIndex = 0; path = "TrendyRepos Tests.xctest"; sourceTree = BUILT_PRODUCTS_DIR; };
		69BD6ED52D8085DB002BDBF0 /* TrendyRepos UITests.xctest */ = {isa = PBXFileReference; explicitFileType = wrapper.cfbundle; includeInIndex = 0; path = "TrendyRepos UITests.xctest"; sourceTree = BUILT_PRODUCTS_DIR; };
/* End PBXFileReference section */

/* Begin PBXFrameworksBuildPhase section */
		697C7CB52D8090F2000A04E1 /* Frameworks */ = {
			isa = PBXFrameworksBuildPhase;
			buildActionMask = 2147483647;
			files = (
				2B4264B32D8300CC00D645F6 /* TrendyReposViews in Frameworks */,
				2B4264B52D8300D000D645F6 /* TrendyReposShared in Frameworks */,
			);
			runOnlyForDeploymentPostprocessing = 0;
		};
		69BD6EB72D8085DA002BDBF0 /* Frameworks */ = {
			isa = PBXFrameworksBuildPhase;
			buildActionMask = 2147483647;
			files = (
				2B4264AE2D8300B700D645F6 /* TrendyReposShared in Frameworks */,
				2B4264AB2D8300AD00D645F6 /* TrendyReposGithubService in Frameworks */,
				2B4264B12D8300C300D645F6 /* TrendyReposViews in Frameworks */,
			);
			runOnlyForDeploymentPostprocessing = 0;
		};
		69BD6EC82D8085DB002BDBF0 /* Frameworks */ = {
			isa = PBXFrameworksBuildPhase;
			buildActionMask = 2147483647;
			files = (
			);
			runOnlyForDeploymentPostprocessing = 0;
		};
		69BD6ED22D8085DB002BDBF0 /* Frameworks */ = {
			isa = PBXFrameworksBuildPhase;
			buildActionMask = 2147483647;
			files = (
			);
			runOnlyForDeploymentPostprocessing = 0;
		};
/* End PBXFrameworksBuildPhase section */

/* Begin PBXGroup section */
		2B4264B82D8301F800D645F6 /* View Models */ = {
			isa = PBXGroup;
			children = (
				2B4264B62D8301F800D645F6 /* RepositoryDetailsViewModel.swift */,
				2B4264B72D8301F800D645F6 /* TrendingRepositoriesViewModel.swift */,
			);
			path = "View Models";
			sourceTree = "<group>";
		};
		2B4264B92D8301F800D645F6 /* Entities */ = {
			isa = PBXGroup;
			children = (
				2B4264B82D8301F800D645F6 /* View Models */,
			);
			path = Entities;
			sourceTree = "<group>";
		};
		2B4264C02D8301F800D645F6 /* TrendyRepos */ = {
			isa = PBXGroup;
			children = (
				2B4264D02D8302B100D645F6 /* Preview Assets.xcassets */,
				2B4264D12D8302B100D645F6 /* Preview Content */,
				2B4264B92D8301F800D645F6 /* Entities */,
				2B4264BD2D8301F800D645F6 /* Assets.xcassets */,
				2B4264BE2D8301F800D645F6 /* TrendyRepos.entitlements */,
				2B4264BF2D8301F800D645F6 /* TrendyReposApp.swift */,
			);
			path = TrendyRepos;
			sourceTree = "<group>";
		};
		2B4264C22D8301F800D645F6 /* TrendyReposTests */ = {
			isa = PBXGroup;
			children = (
				2B4264C12D8301F800D645F6 /* TrendyReposTests.swift */,
			);
			path = TrendyReposTests;
			sourceTree = "<group>";
		};
		2B4264C52D8301F800D645F6 /* TrendyReposUITests */ = {
			isa = PBXGroup;
			children = (
				2B4264C32D8301F800D645F6 /* TrendyReposUITests.swift */,
				2B4264C42D8301F800D645F6 /* TrendyReposUITestsLaunchTests.swift */,
			);
			path = TrendyReposUITests;
			sourceTree = "<group>";
		};
		2B4264C72D8301F800D645F6 /* TrendyReposViews */ = {
			isa = PBXGroup;
			children = (
				2B4264C62D8301F800D645F6 /* TrendyReposTestViews.h */,
			);
			path = TrendyReposViews;
			sourceTree = "<group>";
		};
		2B4264D12D8302B100D645F6 /* Preview Content */ = {
			isa = PBXGroup;
			children = (
			);
			path = "Preview Content";
			sourceTree = "<group>";
		};
		697C7CC02D8090F8000A04E1 /* Frameworks */ = {
			isa = PBXGroup;
			children = (
			);
			name = Frameworks;
			sourceTree = "<group>";
		};
		69BD6EB12D8085DA002BDBF0 = {
			isa = PBXGroup;
			children = (
				2B4264C02D8301F800D645F6 /* TrendyRepos */,
				2B4264C22D8301F800D645F6 /* TrendyReposTests */,
				2B4264C52D8301F800D645F6 /* TrendyReposUITests */,
				2B4264C72D8301F800D645F6 /* TrendyReposViews */,
				697C7CC02D8090F8000A04E1 /* Frameworks */,
				69BD6EBB2D8085DA002BDBF0 /* Products */,
			);
			sourceTree = "<group>";
		};
		69BD6EBB2D8085DA002BDBF0 /* Products */ = {
			isa = PBXGroup;
			children = (
				69BD6EBA2D8085DA002BDBF0 /* TrendyRepos.app */,
				69BD6ECB2D8085DB002BDBF0 /* TrendyRepos Tests.xctest */,
				69BD6ED52D8085DB002BDBF0 /* TrendyRepos UITests.xctest */,
				697C7CB82D8090F2000A04E1 /* TrendyRepos_Views.framework */,
			);
			name = Products;
			sourceTree = "<group>";
		};
/* End PBXGroup section */

/* Begin PBXHeadersBuildPhase section */
		697C7CB32D8090F2000A04E1 /* Headers */ = {
			isa = PBXHeadersBuildPhase;
			buildActionMask = 2147483647;
			files = (
			);
			runOnlyForDeploymentPostprocessing = 0;
		};
/* End PBXHeadersBuildPhase section */

/* Begin PBXNativeTarget section */
		697C7CB72D8090F2000A04E1 /* TrendyRepos Views */ = {
			isa = PBXNativeTarget;
			buildConfigurationList = 697C7CBD2D8090F2000A04E1 /* Build configuration list for PBXNativeTarget "TrendyRepos Views" */;
			buildPhases = (
				697C7CB32D8090F2000A04E1 /* Headers */,
				697C7CB42D8090F2000A04E1 /* Sources */,
				697C7CB52D8090F2000A04E1 /* Frameworks */,
				697C7CB62D8090F2000A04E1 /* Resources */,
			);
			buildRules = (
			);
			dependencies = (
			);
			name = "TrendyRepos Views";
			packageProductDependencies = (
				2B4264B22D8300CC00D645F6 /* TrendyReposViews */,
				2B4264B42D8300D000D645F6 /* TrendyReposShared */,
			);
			productName = SplunkTestViews;
			productReference = 697C7CB82D8090F2000A04E1 /* TrendyRepos_Views.framework */;
			productType = "com.apple.product-type.framework";
		};
		69BD6EB92D8085DA002BDBF0 /* TrendyRepos */ = {
			isa = PBXNativeTarget;
			buildConfigurationList = 69BD6EDF2D8085DB002BDBF0 /* Build configuration list for PBXNativeTarget "TrendyRepos" */;
			buildPhases = (
				69BD6EB62D8085DA002BDBF0 /* Sources */,
				69BD6EB72D8085DA002BDBF0 /* Frameworks */,
				69BD6EB82D8085DA002BDBF0 /* Resources */,
			);
			buildRules = (
			);
			dependencies = (
			);
			name = TrendyRepos;
			packageProductDependencies = (
				2B4264AA2D8300AD00D645F6 /* TrendyReposGithubService */,
				2B4264AD2D8300B700D645F6 /* TrendyReposShared */,
				2B4264B02D8300C300D645F6 /* TrendyReposViews */,
			);
			productName = SplunkTest;
			productReference = 69BD6EBA2D8085DA002BDBF0 /* TrendyRepos.app */;
			productType = "com.apple.product-type.application";
		};
		69BD6ECA2D8085DB002BDBF0 /* TrendyRepos Tests */ = {
			isa = PBXNativeTarget;
			buildConfigurationList = 69BD6EE22D8085DB002BDBF0 /* Build configuration list for PBXNativeTarget "TrendyRepos Tests" */;
			buildPhases = (
				69BD6EC72D8085DB002BDBF0 /* Sources */,
				69BD6EC82D8085DB002BDBF0 /* Frameworks */,
				69BD6EC92D8085DB002BDBF0 /* Resources */,
			);
			buildRules = (
			);
			dependencies = (
				69BD6ECD2D8085DB002BDBF0 /* PBXTargetDependency */,
			);
			name = "TrendyRepos Tests";
			packageProductDependencies = (
			);
			productName = SplunkTestTests;
			productReference = 69BD6ECB2D8085DB002BDBF0 /* TrendyRepos Tests.xctest */;
			productType = "com.apple.product-type.bundle.unit-test";
		};
		69BD6ED42D8085DB002BDBF0 /* TrendyRepos UITests */ = {
			isa = PBXNativeTarget;
			buildConfigurationList = 69BD6EE52D8085DB002BDBF0 /* Build configuration list for PBXNativeTarget "TrendyRepos UITests" */;
			buildPhases = (
				69BD6ED12D8085DB002BDBF0 /* Sources */,
				69BD6ED22D8085DB002BDBF0 /* Frameworks */,
				69BD6ED32D8085DB002BDBF0 /* Resources */,
			);
			buildRules = (
			);
			dependencies = (
				69BD6ED72D8085DB002BDBF0 /* PBXTargetDependency */,
			);
			name = "TrendyRepos UITests";
			packageProductDependencies = (
			);
			productName = SplunkTestUITests;
			productReference = 69BD6ED52D8085DB002BDBF0 /* TrendyRepos UITests.xctest */;
			productType = "com.apple.product-type.bundle.ui-testing";
		};
/* End PBXNativeTarget section */

/* Begin PBXProject section */
		69BD6EB22D8085DA002BDBF0 /* Project object */ = {
			isa = PBXProject;
			attributes = {
				BuildIndependentTargetsInParallel = 1;
				LastSwiftUpdateCheck = 1610;
				LastUpgradeCheck = 1610;
				TargetAttributes = {
					697C7CB72D8090F2000A04E1 = {
						CreatedOnToolsVersion = 16.1;
					};
					69BD6EB92D8085DA002BDBF0 = {
						CreatedOnToolsVersion = 16.1;
					};
					69BD6ECA2D8085DB002BDBF0 = {
						CreatedOnToolsVersion = 16.1;
						TestTargetID = 69BD6EB92D8085DA002BDBF0;
					};
					69BD6ED42D8085DB002BDBF0 = {
						CreatedOnToolsVersion = 16.1;
						TestTargetID = 69BD6EB92D8085DA002BDBF0;
					};
				};
			};
			buildConfigurationList = 69BD6EB52D8085DA002BDBF0 /* Build configuration list for PBXProject "TrendyRepos" */;
			developmentRegion = en;
			hasScannedForEncodings = 0;
			knownRegions = (
				en,
				Base,
			);
			mainGroup = 69BD6EB12D8085DA002BDBF0;
			minimizedProjectReferenceProxies = 1;
			packageReferences = (
				2B4264A92D8300AD00D645F6 /* XCLocalSwiftPackageReference "Packages/TrendyReposGithubService" */,
				2B4264AC2D8300B700D645F6 /* XCLocalSwiftPackageReference "Packages/TrendyReposShared" */,
				2B4264AF2D8300C300D645F6 /* XCLocalSwiftPackageReference "Packages/TrendyReposViews" */,
			);
			preferredProjectObjectVersion = 77;
			productRefGroup = 69BD6EBB2D8085DA002BDBF0 /* Products */;
			projectDirPath = "";
			projectRoot = "";
			targets = (
				69BD6EB92D8085DA002BDBF0 /* TrendyRepos */,
				69BD6ECA2D8085DB002BDBF0 /* TrendyRepos Tests */,
				69BD6ED42D8085DB002BDBF0 /* TrendyRepos UITests */,
				697C7CB72D8090F2000A04E1 /* TrendyRepos Views */,
			);
		};
/* End PBXProject section */

/* Begin PBXResourcesBuildPhase section */
		697C7CB62D8090F2000A04E1 /* Resources */ = {
			isa = PBXResourcesBuildPhase;
			buildActionMask = 2147483647;
			files = (
			);
			runOnlyForDeploymentPostprocessing = 0;
		};
		69BD6EB82D8085DA002BDBF0 /* Resources */ = {
			isa = PBXResourcesBuildPhase;
			buildActionMask = 2147483647;
			files = (
				2B4264D22D8302B100D645F6 /* Preview Assets.xcassets in Resources */,
				2B4264C92D8301F800D645F6 /* Assets.xcassets in Resources */,
			);
			runOnlyForDeploymentPostprocessing = 0;
		};
		69BD6EC92D8085DB002BDBF0 /* Resources */ = {
			isa = PBXResourcesBuildPhase;
			buildActionMask = 2147483647;
			files = (
			);
			runOnlyForDeploymentPostprocessing = 0;
		};
		69BD6ED32D8085DB002BDBF0 /* Resources */ = {
			isa = PBXResourcesBuildPhase;
			buildActionMask = 2147483647;
			files = (
			);
			runOnlyForDeploymentPostprocessing = 0;
		};
/* End PBXResourcesBuildPhase section */

/* Begin PBXSourcesBuildPhase section */
		697C7CB42D8090F2000A04E1 /* Sources */ = {
			isa = PBXSourcesBuildPhase;
			buildActionMask = 2147483647;
			files = (
			);
			runOnlyForDeploymentPostprocessing = 0;
		};
		69BD6EB62D8085DA002BDBF0 /* Sources */ = {
			isa = PBXSourcesBuildPhase;
			buildActionMask = 2147483647;
			files = (
				2B4264CC2D8301F800D645F6 /* RepositoryDetailsViewModel.swift in Sources */,
				2B4264CD2D8301F800D645F6 /* TrendingRepositoriesViewModel.swift in Sources */,
				2B4264CF2D8301F800D645F6 /* TrendyReposApp.swift in Sources */,
			);
			runOnlyForDeploymentPostprocessing = 0;
		};
		69BD6EC72D8085DB002BDBF0 /* Sources */ = {
			isa = PBXSourcesBuildPhase;
			buildActionMask = 2147483647;
			files = (
				2B4264D32D8302D100D645F6 /* TrendyReposTests.swift in Sources */,
			);
			runOnlyForDeploymentPostprocessing = 0;
		};
		69BD6ED12D8085DB002BDBF0 /* Sources */ = {
			isa = PBXSourcesBuildPhase;
			buildActionMask = 2147483647;
			files = (
				2B4264D42D8302D900D645F6 /* TrendyReposUITestsLaunchTests.swift in Sources */,
				2B4264D52D8302D900D645F6 /* TrendyReposUITests.swift in Sources */,
			);
			runOnlyForDeploymentPostprocessing = 0;
		};
/* End PBXSourcesBuildPhase section */

/* Begin PBXTargetDependency section */
		69BD6ECD2D8085DB002BDBF0 /* PBXTargetDependency */ = {
			isa = PBXTargetDependency;
			target = 69BD6EB92D8085DA002BDBF0 /* TrendyRepos */;
			targetProxy = 69BD6ECC2D8085DB002BDBF0 /* PBXContainerItemProxy */;
		};
		69BD6ED72D8085DB002BDBF0 /* PBXTargetDependency */ = {
			isa = PBXTargetDependency;
			target = 69BD6EB92D8085DA002BDBF0 /* TrendyRepos */;
			targetProxy = 69BD6ED62D8085DB002BDBF0 /* PBXContainerItemProxy */;
		};
/* End PBXTargetDependency section */

/* Begin XCBuildConfiguration section */
		697C7CBE2D8090F2000A04E1 /* Debug */ = {
			isa = XCBuildConfiguration;
			buildSettings = {
				ALLOW_TARGET_PLATFORM_SPECIALIZATION = YES;
				BUILD_LIBRARY_FOR_DISTRIBUTION = YES;
				CODE_SIGN_STYLE = Automatic;
				CURRENT_PROJECT_VERSION = 1;
				DEFINES_MODULE = YES;
				DEVELOPMENT_TEAM = "";
				DYLIB_COMPATIBILITY_VERSION = 1;
				DYLIB_CURRENT_VERSION = 1;
				DYLIB_INSTALL_NAME_BASE = "@rpath";
				ENABLE_MODULE_VERIFIER = YES;
				GENERATE_INFOPLIST_FILE = YES;
				INFOPLIST_KEY_NSHumanReadableCopyright = "";
				INSTALL_PATH = "$(LOCAL_LIBRARY_DIR)/Frameworks";
				IPHONEOS_DEPLOYMENT_TARGET = 18.1;
				LD_RUNPATH_SEARCH_PATHS = (
					"@executable_path/Frameworks",
					"@loader_path/Frameworks",
				);
				"LD_RUNPATH_SEARCH_PATHS[sdk=macosx*]" = (
					"@executable_path/../Frameworks",
					"@loader_path/Frameworks",
				);
				MACOSX_DEPLOYMENT_TARGET = 14.5;
				MARKETING_VERSION = 1.0;
				MODULE_VERIFIER_SUPPORTED_LANGUAGES = "objective-c objective-c++";
				MODULE_VERIFIER_SUPPORTED_LANGUAGE_STANDARDS = "gnu17 gnu++20";
				PRODUCT_BUNDLE_IDENTIFIER = "com.-your-org-.SplunkTestViews";
				PRODUCT_NAME = "$(TARGET_NAME:c99extidentifier)";
				SDKROOT = auto;
				SKIP_INSTALL = YES;
				SUPPORTED_PLATFORMS = "iphoneos iphonesimulator macosx xros xrsimulator";
				SWIFT_EMIT_LOC_STRINGS = YES;
				SWIFT_INSTALL_OBJC_HEADER = NO;
				SWIFT_VERSION = 5.0;
				TARGETED_DEVICE_FAMILY = "1,2,7";
				VERSIONING_SYSTEM = "apple-generic";
				VERSION_INFO_PREFIX = "";
				XROS_DEPLOYMENT_TARGET = 2.1;
			};
			name = Debug;
		};
		697C7CBF2D8090F2000A04E1 /* Release */ = {
			isa = XCBuildConfiguration;
			buildSettings = {
				ALLOW_TARGET_PLATFORM_SPECIALIZATION = YES;
				BUILD_LIBRARY_FOR_DISTRIBUTION = YES;
				CODE_SIGN_STYLE = Automatic;
				CURRENT_PROJECT_VERSION = 1;
				DEFINES_MODULE = YES;
				DEVELOPMENT_TEAM = "";
				DYLIB_COMPATIBILITY_VERSION = 1;
				DYLIB_CURRENT_VERSION = 1;
				DYLIB_INSTALL_NAME_BASE = "@rpath";
				ENABLE_MODULE_VERIFIER = YES;
				GENERATE_INFOPLIST_FILE = YES;
				INFOPLIST_KEY_NSHumanReadableCopyright = "";
				INSTALL_PATH = "$(LOCAL_LIBRARY_DIR)/Frameworks";
				IPHONEOS_DEPLOYMENT_TARGET = 18.1;
				LD_RUNPATH_SEARCH_PATHS = (
					"@executable_path/Frameworks",
					"@loader_path/Frameworks",
				);
				"LD_RUNPATH_SEARCH_PATHS[sdk=macosx*]" = (
					"@executable_path/../Frameworks",
					"@loader_path/Frameworks",
				);
				MACOSX_DEPLOYMENT_TARGET = 14.5;
				MARKETING_VERSION = 1.0;
				MODULE_VERIFIER_SUPPORTED_LANGUAGES = "objective-c objective-c++";
				MODULE_VERIFIER_SUPPORTED_LANGUAGE_STANDARDS = "gnu17 gnu++20";
				PRODUCT_BUNDLE_IDENTIFIER = "com.-your-org-.SplunkTestViews";
				PRODUCT_NAME = "$(TARGET_NAME:c99extidentifier)";
				SDKROOT = auto;
				SKIP_INSTALL = YES;
				SUPPORTED_PLATFORMS = "iphoneos iphonesimulator macosx xros xrsimulator";
				SWIFT_EMIT_LOC_STRINGS = YES;
				SWIFT_INSTALL_OBJC_HEADER = NO;
				SWIFT_VERSION = 5.0;
				TARGETED_DEVICE_FAMILY = "1,2,7";
				VERSIONING_SYSTEM = "apple-generic";
				VERSION_INFO_PREFIX = "";
				XROS_DEPLOYMENT_TARGET = 2.1;
			};
			name = Release;
		};
		69BD6EDD2D8085DB002BDBF0 /* Debug */ = {
			isa = XCBuildConfiguration;
			buildSettings = {
				ALWAYS_SEARCH_USER_PATHS = NO;
				ASSETCATALOG_COMPILER_GENERATE_SWIFT_ASSET_SYMBOL_EXTENSIONS = YES;
				CLANG_ANALYZER_NONNULL = YES;
				CLANG_ANALYZER_NUMBER_OBJECT_CONVERSION = YES_AGGRESSIVE;
				CLANG_CXX_LANGUAGE_STANDARD = "gnu++20";
				CLANG_ENABLE_MODULES = YES;
				CLANG_ENABLE_OBJC_ARC = YES;
				CLANG_ENABLE_OBJC_WEAK = YES;
				CLANG_WARN_BLOCK_CAPTURE_AUTORELEASING = YES;
				CLANG_WARN_BOOL_CONVERSION = YES;
				CLANG_WARN_COMMA = YES;
				CLANG_WARN_CONSTANT_CONVERSION = YES;
				CLANG_WARN_DEPRECATED_OBJC_IMPLEMENTATIONS = YES;
				CLANG_WARN_DIRECT_OBJC_ISA_USAGE = YES_ERROR;
				CLANG_WARN_DOCUMENTATION_COMMENTS = YES;
				CLANG_WARN_EMPTY_BODY = YES;
				CLANG_WARN_ENUM_CONVERSION = YES;
				CLANG_WARN_INFINITE_RECURSION = YES;
				CLANG_WARN_INT_CONVERSION = YES;
				CLANG_WARN_NON_LITERAL_NULL_CONVERSION = YES;
				CLANG_WARN_OBJC_IMPLICIT_RETAIN_SELF = YES;
				CLANG_WARN_OBJC_LITERAL_CONVERSION = YES;
				CLANG_WARN_OBJC_ROOT_CLASS = YES_ERROR;
				CLANG_WARN_QUOTED_INCLUDE_IN_FRAMEWORK_HEADER = YES;
				CLANG_WARN_RANGE_LOOP_ANALYSIS = YES;
				CLANG_WARN_STRICT_PROTOTYPES = YES;
				CLANG_WARN_SUSPICIOUS_MOVE = YES;
				CLANG_WARN_UNGUARDED_AVAILABILITY = YES_AGGRESSIVE;
				CLANG_WARN_UNREACHABLE_CODE = YES;
				CLANG_WARN__DUPLICATE_METHOD_MATCH = YES;
				COPY_PHASE_STRIP = NO;
				DEBUG_INFORMATION_FORMAT = dwarf;
				ENABLE_STRICT_OBJC_MSGSEND = YES;
				ENABLE_TESTABILITY = YES;
				ENABLE_USER_SCRIPT_SANDBOXING = YES;
				GCC_C_LANGUAGE_STANDARD = gnu17;
				GCC_DYNAMIC_NO_PIC = NO;
				GCC_NO_COMMON_BLOCKS = YES;
				GCC_OPTIMIZATION_LEVEL = 0;
				GCC_PREPROCESSOR_DEFINITIONS = (
					"DEBUG=1",
					"$(inherited)",
				);
				GCC_WARN_64_TO_32_BIT_CONVERSION = YES;
				GCC_WARN_ABOUT_RETURN_TYPE = YES_ERROR;
				GCC_WARN_UNDECLARED_SELECTOR = YES;
				GCC_WARN_UNINITIALIZED_AUTOS = YES_AGGRESSIVE;
				GCC_WARN_UNUSED_FUNCTION = YES;
				GCC_WARN_UNUSED_VARIABLE = YES;
				LOCALIZATION_PREFERS_STRING_CATALOGS = YES;
				MTL_ENABLE_DEBUG_INFO = INCLUDE_SOURCE;
				MTL_FAST_MATH = YES;
				ONLY_ACTIVE_ARCH = YES;
				SWIFT_ACTIVE_COMPILATION_CONDITIONS = "DEBUG $(inherited)";
				SWIFT_OPTIMIZATION_LEVEL = "-Onone";
			};
			name = Debug;
		};
		69BD6EDE2D8085DB002BDBF0 /* Release */ = {
			isa = XCBuildConfiguration;
			buildSettings = {
				ALWAYS_SEARCH_USER_PATHS = NO;
				ASSETCATALOG_COMPILER_GENERATE_SWIFT_ASSET_SYMBOL_EXTENSIONS = YES;
				CLANG_ANALYZER_NONNULL = YES;
				CLANG_ANALYZER_NUMBER_OBJECT_CONVERSION = YES_AGGRESSIVE;
				CLANG_CXX_LANGUAGE_STANDARD = "gnu++20";
				CLANG_ENABLE_MODULES = YES;
				CLANG_ENABLE_OBJC_ARC = YES;
				CLANG_ENABLE_OBJC_WEAK = YES;
				CLANG_WARN_BLOCK_CAPTURE_AUTORELEASING = YES;
				CLANG_WARN_BOOL_CONVERSION = YES;
				CLANG_WARN_COMMA = YES;
				CLANG_WARN_CONSTANT_CONVERSION = YES;
				CLANG_WARN_DEPRECATED_OBJC_IMPLEMENTATIONS = YES;
				CLANG_WARN_DIRECT_OBJC_ISA_USAGE = YES_ERROR;
				CLANG_WARN_DOCUMENTATION_COMMENTS = YES;
				CLANG_WARN_EMPTY_BODY = YES;
				CLANG_WARN_ENUM_CONVERSION = YES;
				CLANG_WARN_INFINITE_RECURSION = YES;
				CLANG_WARN_INT_CONVERSION = YES;
				CLANG_WARN_NON_LITERAL_NULL_CONVERSION = YES;
				CLANG_WARN_OBJC_IMPLICIT_RETAIN_SELF = YES;
				CLANG_WARN_OBJC_LITERAL_CONVERSION = YES;
				CLANG_WARN_OBJC_ROOT_CLASS = YES_ERROR;
				CLANG_WARN_QUOTED_INCLUDE_IN_FRAMEWORK_HEADER = YES;
				CLANG_WARN_RANGE_LOOP_ANALYSIS = YES;
				CLANG_WARN_STRICT_PROTOTYPES = YES;
				CLANG_WARN_SUSPICIOUS_MOVE = YES;
				CLANG_WARN_UNGUARDED_AVAILABILITY = YES_AGGRESSIVE;
				CLANG_WARN_UNREACHABLE_CODE = YES;
				CLANG_WARN__DUPLICATE_METHOD_MATCH = YES;
				COPY_PHASE_STRIP = NO;
				DEBUG_INFORMATION_FORMAT = "dwarf-with-dsym";
				ENABLE_NS_ASSERTIONS = NO;
				ENABLE_STRICT_OBJC_MSGSEND = YES;
				ENABLE_USER_SCRIPT_SANDBOXING = YES;
				GCC_C_LANGUAGE_STANDARD = gnu17;
				GCC_NO_COMMON_BLOCKS = YES;
				GCC_WARN_64_TO_32_BIT_CONVERSION = YES;
				GCC_WARN_ABOUT_RETURN_TYPE = YES_ERROR;
				GCC_WARN_UNDECLARED_SELECTOR = YES;
				GCC_WARN_UNINITIALIZED_AUTOS = YES_AGGRESSIVE;
				GCC_WARN_UNUSED_FUNCTION = YES;
				GCC_WARN_UNUSED_VARIABLE = YES;
				LOCALIZATION_PREFERS_STRING_CATALOGS = YES;
				MTL_ENABLE_DEBUG_INFO = NO;
				MTL_FAST_MATH = YES;
				SWIFT_COMPILATION_MODE = wholemodule;
			};
			name = Release;
		};
		69BD6EE02D8085DB002BDBF0 /* Debug */ = {
			isa = XCBuildConfiguration;
			buildSettings = {
				ASSETCATALOG_COMPILER_APPICON_NAME = AppIcon;
				ASSETCATALOG_COMPILER_GLOBAL_ACCENT_COLOR_NAME = AccentColor;
				CODE_SIGN_ENTITLEMENTS = TrendyRepos/TrendyRepos.entitlements;
				CODE_SIGN_STYLE = Automatic;
				CURRENT_PROJECT_VERSION = 1;
				DEVELOPMENT_ASSET_PATHS = "\"TrendyRepos/Preview Content\"";
				DEVELOPMENT_TEAM = "";
				ENABLE_HARDENED_RUNTIME = YES;
				ENABLE_PREVIEWS = YES;
				GENERATE_INFOPLIST_FILE = YES;
				INFOPLIST_KEY_CFBundleDisplayName = "Trendy Repos";
				"INFOPLIST_KEY_UIApplicationSceneManifest_Generation[sdk=iphoneos*]" = YES;
				"INFOPLIST_KEY_UIApplicationSceneManifest_Generation[sdk=iphonesimulator*]" = YES;
				"INFOPLIST_KEY_UIApplicationSupportsIndirectInputEvents[sdk=iphoneos*]" = YES;
				"INFOPLIST_KEY_UIApplicationSupportsIndirectInputEvents[sdk=iphonesimulator*]" = YES;
				"INFOPLIST_KEY_UILaunchScreen_Generation[sdk=iphoneos*]" = YES;
				"INFOPLIST_KEY_UILaunchScreen_Generation[sdk=iphonesimulator*]" = YES;
				"INFOPLIST_KEY_UIStatusBarStyle[sdk=iphoneos*]" = UIStatusBarStyleDefault;
				"INFOPLIST_KEY_UIStatusBarStyle[sdk=iphonesimulator*]" = UIStatusBarStyleDefault;
				INFOPLIST_KEY_UISupportedInterfaceOrientations_iPad = "UIInterfaceOrientationPortrait UIInterfaceOrientationPortraitUpsideDown UIInterfaceOrientationLandscapeLeft UIInterfaceOrientationLandscapeRight";
				INFOPLIST_KEY_UISupportedInterfaceOrientations_iPhone = "UIInterfaceOrientationPortrait UIInterfaceOrientationLandscapeLeft UIInterfaceOrientationLandscapeRight";
				IPHONEOS_DEPLOYMENT_TARGET = 17.6;
				LD_RUNPATH_SEARCH_PATHS = "@executable_path/Frameworks";
				"LD_RUNPATH_SEARCH_PATHS[sdk=macosx*]" = "@executable_path/../Frameworks";
				MACOSX_DEPLOYMENT_TARGET = 14.6;
				MARKETING_VERSION = 1.0;
				PRODUCT_BUNDLE_IDENTIFIER = "com.-your-org-.TrendyRepos";
				PRODUCT_NAME = "$(TARGET_NAME)";
				SDKROOT = auto;
				SUPPORTED_PLATFORMS = "iphoneos iphonesimulator";
				SUPPORTS_MACCATALYST = NO;
				SWIFT_EMIT_LOC_STRINGS = YES;
				SWIFT_VERSION = 5.0;
				TARGETED_DEVICE_FAMILY = "1,2";
				XROS_DEPLOYMENT_TARGET = 2.1;
			};
			name = Debug;
		};
		69BD6EE12D8085DB002BDBF0 /* Release */ = {
			isa = XCBuildConfiguration;
			buildSettings = {
				ASSETCATALOG_COMPILER_APPICON_NAME = AppIcon;
				ASSETCATALOG_COMPILER_GLOBAL_ACCENT_COLOR_NAME = AccentColor;
				CODE_SIGN_ENTITLEMENTS = TrendyRepos/TrendyRepos.entitlements;
				CODE_SIGN_STYLE = Automatic;
				CURRENT_PROJECT_VERSION = 1;
				DEVELOPMENT_ASSET_PATHS = "\"TrendyRepos/Preview Content\"";
				DEVELOPMENT_TEAM = "";
				ENABLE_HARDENED_RUNTIME = YES;
				ENABLE_PREVIEWS = YES;
				GENERATE_INFOPLIST_FILE = YES;
				INFOPLIST_KEY_CFBundleDisplayName = "Trendy Repos";
				"INFOPLIST_KEY_UIApplicationSceneManifest_Generation[sdk=iphoneos*]" = YES;
				"INFOPLIST_KEY_UIApplicationSceneManifest_Generation[sdk=iphonesimulator*]" = YES;
				"INFOPLIST_KEY_UIApplicationSupportsIndirectInputEvents[sdk=iphoneos*]" = YES;
				"INFOPLIST_KEY_UIApplicationSupportsIndirectInputEvents[sdk=iphonesimulator*]" = YES;
				"INFOPLIST_KEY_UILaunchScreen_Generation[sdk=iphoneos*]" = YES;
				"INFOPLIST_KEY_UILaunchScreen_Generation[sdk=iphonesimulator*]" = YES;
				"INFOPLIST_KEY_UIStatusBarStyle[sdk=iphoneos*]" = UIStatusBarStyleDefault;
				"INFOPLIST_KEY_UIStatusBarStyle[sdk=iphonesimulator*]" = UIStatusBarStyleDefault;
				INFOPLIST_KEY_UISupportedInterfaceOrientations_iPad = "UIInterfaceOrientationPortrait UIInterfaceOrientationPortraitUpsideDown UIInterfaceOrientationLandscapeLeft UIInterfaceOrientationLandscapeRight";
				INFOPLIST_KEY_UISupportedInterfaceOrientations_iPhone = "UIInterfaceOrientationPortrait UIInterfaceOrientationLandscapeLeft UIInterfaceOrientationLandscapeRight";
				IPHONEOS_DEPLOYMENT_TARGET = 17.6;
				LD_RUNPATH_SEARCH_PATHS = "@executable_path/Frameworks";
				"LD_RUNPATH_SEARCH_PATHS[sdk=macosx*]" = "@executable_path/../Frameworks";
				MACOSX_DEPLOYMENT_TARGET = 14.6;
				MARKETING_VERSION = 1.0;
				PRODUCT_BUNDLE_IDENTIFIER = "com.-your-org-.TrendyRepos";
				PRODUCT_NAME = "$(TARGET_NAME)";
				SDKROOT = auto;
				SUPPORTED_PLATFORMS = "iphoneos iphonesimulator";
				SUPPORTS_MACCATALYST = NO;
				SWIFT_EMIT_LOC_STRINGS = YES;
				SWIFT_VERSION = 5.0;
				TARGETED_DEVICE_FAMILY = "1,2";
				XROS_DEPLOYMENT_TARGET = 2.1;
			};
			name = Release;
		};
		69BD6EE32D8085DB002BDBF0 /* Debug */ = {
			isa = XCBuildConfiguration;
			buildSettings = {
				BUNDLE_LOADER = "$(TEST_HOST)";
				CODE_SIGN_STYLE = Automatic;
				CURRENT_PROJECT_VERSION = 1;
				DEVELOPMENT_TEAM = "";
				GENERATE_INFOPLIST_FILE = YES;
				IPHONEOS_DEPLOYMENT_TARGET = 18.1;
				MACOSX_DEPLOYMENT_TARGET = 14.5;
				MARKETING_VERSION = 1.0;
				PRODUCT_BUNDLE_IDENTIFIER = "com.-your-org-.SplunkTestTests";
				PRODUCT_NAME = "$(TARGET_NAME)";
				SDKROOT = auto;
				SUPPORTED_PLATFORMS = "iphoneos iphonesimulator macosx xros xrsimulator";
				SWIFT_EMIT_LOC_STRINGS = NO;
				SWIFT_VERSION = 5.0;
				TARGETED_DEVICE_FAMILY = "1,2,7";
				TEST_HOST = "$(BUILT_PRODUCTS_DIR)/SplunkTest.app/$(BUNDLE_EXECUTABLE_FOLDER_PATH)/SplunkTest";
				XROS_DEPLOYMENT_TARGET = 2.1;
			};
			name = Debug;
		};
		69BD6EE42D8085DB002BDBF0 /* Release */ = {
			isa = XCBuildConfiguration;
			buildSettings = {
				BUNDLE_LOADER = "$(TEST_HOST)";
				CODE_SIGN_STYLE = Automatic;
				CURRENT_PROJECT_VERSION = 1;
				DEVELOPMENT_TEAM = "";
				GENERATE_INFOPLIST_FILE = YES;
				IPHONEOS_DEPLOYMENT_TARGET = 18.1;
				MACOSX_DEPLOYMENT_TARGET = 14.5;
				MARKETING_VERSION = 1.0;
				PRODUCT_BUNDLE_IDENTIFIER = "com.-your-org-.SplunkTestTests";
				PRODUCT_NAME = "$(TARGET_NAME)";
				SDKROOT = auto;
				SUPPORTED_PLATFORMS = "iphoneos iphonesimulator macosx xros xrsimulator";
				SWIFT_EMIT_LOC_STRINGS = NO;
				SWIFT_VERSION = 5.0;
				TARGETED_DEVICE_FAMILY = "1,2,7";
				TEST_HOST = "$(BUILT_PRODUCTS_DIR)/SplunkTest.app/$(BUNDLE_EXECUTABLE_FOLDER_PATH)/SplunkTest";
				XROS_DEPLOYMENT_TARGET = 2.1;
			};
			name = Release;
		};
		69BD6EE62D8085DB002BDBF0 /* Debug */ = {
			isa = XCBuildConfiguration;
			buildSettings = {
				CODE_SIGN_STYLE = Automatic;
				CURRENT_PROJECT_VERSION = 1;
				DEVELOPMENT_TEAM = "";
				GENERATE_INFOPLIST_FILE = YES;
				IPHONEOS_DEPLOYMENT_TARGET = 18.1;
				MACOSX_DEPLOYMENT_TARGET = 14.5;
				MARKETING_VERSION = 1.0;
				PRODUCT_BUNDLE_IDENTIFIER = "com.-your-org-.SplunkTestUITests";
				PRODUCT_NAME = "$(TARGET_NAME)";
				SDKROOT = auto;
				SUPPORTED_PLATFORMS = "iphoneos iphonesimulator macosx xros xrsimulator";
				SWIFT_EMIT_LOC_STRINGS = NO;
				SWIFT_VERSION = 5.0;
				TARGETED_DEVICE_FAMILY = "1,2,7";
				TEST_TARGET_NAME = SplunkTest;
				XROS_DEPLOYMENT_TARGET = 2.1;
			};
			name = Debug;
		};
		69BD6EE72D8085DB002BDBF0 /* Release */ = {
			isa = XCBuildConfiguration;
			buildSettings = {
				CODE_SIGN_STYLE = Automatic;
				CURRENT_PROJECT_VERSION = 1;
				DEVELOPMENT_TEAM = "";
				GENERATE_INFOPLIST_FILE = YES;
				IPHONEOS_DEPLOYMENT_TARGET = 18.1;
				MACOSX_DEPLOYMENT_TARGET = 14.5;
				MARKETING_VERSION = 1.0;
				PRODUCT_BUNDLE_IDENTIFIER = "com.-your-org-.SplunkTestUITests";
				PRODUCT_NAME = "$(TARGET_NAME)";
				SDKROOT = auto;
				SUPPORTED_PLATFORMS = "iphoneos iphonesimulator macosx xros xrsimulator";
				SWIFT_EMIT_LOC_STRINGS = NO;
				SWIFT_VERSION = 5.0;
				TARGETED_DEVICE_FAMILY = "1,2,7";
				TEST_TARGET_NAME = SplunkTest;
				XROS_DEPLOYMENT_TARGET = 2.1;
			};
			name = Release;
		};
/* End XCBuildConfiguration section */

/* Begin XCConfigurationList section */
		697C7CBD2D8090F2000A04E1 /* Build configuration list for PBXNativeTarget "TrendyRepos Views" */ = {
			isa = XCConfigurationList;
			buildConfigurations = (
				697C7CBE2D8090F2000A04E1 /* Debug */,
				697C7CBF2D8090F2000A04E1 /* Release */,
			);
			defaultConfigurationIsVisible = 0;
			defaultConfigurationName = Release;
		};
		69BD6EB52D8085DA002BDBF0 /* Build configuration list for PBXProject "TrendyRepos" */ = {
			isa = XCConfigurationList;
			buildConfigurations = (
				69BD6EDD2D8085DB002BDBF0 /* Debug */,
				69BD6EDE2D8085DB002BDBF0 /* Release */,
			);
			defaultConfigurationIsVisible = 0;
			defaultConfigurationName = Release;
		};
		69BD6EDF2D8085DB002BDBF0 /* Build configuration list for PBXNativeTarget "TrendyRepos" */ = {
			isa = XCConfigurationList;
			buildConfigurations = (
				69BD6EE02D8085DB002BDBF0 /* Debug */,
				69BD6EE12D8085DB002BDBF0 /* Release */,
			);
			defaultConfigurationIsVisible = 0;
			defaultConfigurationName = Release;
		};
		69BD6EE22D8085DB002BDBF0 /* Build configuration list for PBXNativeTarget "TrendyRepos Tests" */ = {
			isa = XCConfigurationList;
			buildConfigurations = (
				69BD6EE32D8085DB002BDBF0 /* Debug */,
				69BD6EE42D8085DB002BDBF0 /* Release */,
			);
			defaultConfigurationIsVisible = 0;
			defaultConfigurationName = Release;
		};
		69BD6EE52D8085DB002BDBF0 /* Build configuration list for PBXNativeTarget "TrendyRepos UITests" */ = {
			isa = XCConfigurationList;
			buildConfigurations = (
				69BD6EE62D8085DB002BDBF0 /* Debug */,
				69BD6EE72D8085DB002BDBF0 /* Release */,
			);
			defaultConfigurationIsVisible = 0;
			defaultConfigurationName = Release;
		};
/* End XCConfigurationList section */

/* Begin XCLocalSwiftPackageReference section */
		2B4264A92D8300AD00D645F6 /* XCLocalSwiftPackageReference "Packages/TrendyReposGithubService" */ = {
			isa = XCLocalSwiftPackageReference;
			relativePath = Packages/TrendyReposGithubService;
		};
		2B4264AC2D8300B700D645F6 /* XCLocalSwiftPackageReference "Packages/TrendyReposShared" */ = {
			isa = XCLocalSwiftPackageReference;
			relativePath = Packages/TrendyReposShared;
		};
		2B4264AF2D8300C300D645F6 /* XCLocalSwiftPackageReference "Packages/TrendyReposViews" */ = {
			isa = XCLocalSwiftPackageReference;
			relativePath = Packages/TrendyReposViews;
		};
/* End XCLocalSwiftPackageReference section */

/* Begin XCSwiftPackageProductDependency section */
		2B4264AA2D8300AD00D645F6 /* TrendyReposGithubService */ = {
			isa = XCSwiftPackageProductDependency;
			productName = TrendyReposGithubService;
		};
		2B4264AD2D8300B700D645F6 /* TrendyReposShared */ = {
			isa = XCSwiftPackageProductDependency;
			productName = TrendyReposShared;
		};
		2B4264B02D8300C300D645F6 /* TrendyReposViews */ = {
			isa = XCSwiftPackageProductDependency;
			productName = TrendyReposViews;
		};
		2B4264B22D8300CC00D645F6 /* TrendyReposViews */ = {
			isa = XCSwiftPackageProductDependency;
			package = 2B4264AF2D8300C300D645F6 /* XCLocalSwiftPackageReference "Packages/TrendyReposViews" */;
			productName = TrendyReposViews;
		};
		2B4264B42D8300D000D645F6 /* TrendyReposShared */ = {
			isa = XCSwiftPackageProductDependency;
			package = 2B4264AC2D8300B700D645F6 /* XCLocalSwiftPackageReference "Packages/TrendyReposShared" */;
			productName = TrendyReposShared;
		};
/* End XCSwiftPackageProductDependency section */
	};
	rootObject = 69BD6EB22D8085DA002BDBF0 /* Project object */;
}
